// !$*UTF8*$!
{
	archiveVersion = 1;
	classes = {
	};
	objectVersion = 50;
	objects = {

/* Begin PBXBuildFile section */
		04B383A423FF9AD7006B57B1 /* AdminTableViewController.swift in Sources */ = {isa = PBXBuildFile; fileRef = 04B383A323FF9AD7006B57B1 /* AdminTableViewController.swift */; };
		B65293C223FFEDD900D15211 /* PartyCollectionViewCell.swift in Sources */ = {isa = PBXBuildFile; fileRef = B65293C123FFEDD900D15211 /* PartyCollectionViewCell.swift */; };
		B67900C3240120570078E7B8 /* PartyCollectionViewController.swift in Sources */ = {isa = PBXBuildFile; fileRef = B67900C2240120570078E7B8 /* PartyCollectionViewController.swift */; };
		B67900C52401494B0078E7B8 /* NewsTableViewCell.swift in Sources */ = {isa = PBXBuildFile; fileRef = B67900C42401494B0078E7B8 /* NewsTableViewCell.swift */; };
		B67900C72401495F0078E7B8 /* News.swift in Sources */ = {isa = PBXBuildFile; fileRef = B67900C62401495F0078E7B8 /* News.swift */; };
		B67900C924014DF70078E7B8 /* NewsDetailViewController.swift in Sources */ = {isa = PBXBuildFile; fileRef = B67900C824014DF70078E7B8 /* NewsDetailViewController.swift */; };
		B679368C23FFAABF0078C79D /* NewsTableViewController.swift in Sources */ = {isa = PBXBuildFile; fileRef = B679368B23FFAABF0078C79D /* NewsTableViewController.swift */; };
		B679369023FFAAF90078C79D /* PartyTableViewController.swift in Sources */ = {isa = PBXBuildFile; fileRef = B679368F23FFAAF90078C79D /* PartyTableViewController.swift */; };
		B679369523FFAD320078C79D /* PartyTableViewCell.swift in Sources */ = {isa = PBXBuildFile; fileRef = B679369423FFAD320078C79D /* PartyTableViewCell.swift */; };
		B679369923FFBCC20078C79D /* PartyDetialViewCellViewController.swift in Sources */ = {isa = PBXBuildFile; fileRef = B679369823FFBCC20078C79D /* PartyDetialViewCellViewController.swift */; };
		B679369B23FFBD850078C79D /* Party.swift in Sources */ = {isa = PBXBuildFile; fileRef = B679369A23FFBD850078C79D /* Party.swift */; };
		B679369D23FFBFA90078C79D /* PartyClient.swift in Sources */ = {isa = PBXBuildFile; fileRef = B679369C23FFBFA90078C79D /* PartyClient.swift */; };
		B683616923FBFB430019C14F /* AppDelegate.swift in Sources */ = {isa = PBXBuildFile; fileRef = B683616823FBFB430019C14F /* AppDelegate.swift */; };
		B683616B23FBFB430019C14F /* SceneDelegate.swift in Sources */ = {isa = PBXBuildFile; fileRef = B683616A23FBFB430019C14F /* SceneDelegate.swift */; };
		B683617023FBFB430019C14F /* Main.storyboard in Resources */ = {isa = PBXBuildFile; fileRef = B683616E23FBFB430019C14F /* Main.storyboard */; };
		B683617223FBFB450019C14F /* Assets.xcassets in Resources */ = {isa = PBXBuildFile; fileRef = B683617123FBFB450019C14F /* Assets.xcassets */; };
		B683617523FBFB450019C14F /* LaunchScreen.storyboard in Resources */ = {isa = PBXBuildFile; fileRef = B683617323FBFB450019C14F /* LaunchScreen.storyboard */; };
		B695F1332403665000F2057A /* WarnViewController.swift in Sources */ = {isa = PBXBuildFile; fileRef = B695F1322403665000F2057A /* WarnViewController.swift */; };
/* End PBXBuildFile section */

/* Begin PBXFileReference section */
		04B383A323FF9AD7006B57B1 /* AdminTableViewController.swift */ = {isa = PBXFileReference; lastKnownFileType = sourcecode.swift; name = AdminTableViewController.swift; path = Admin/AdminTableViewController.swift; sourceTree = "<group>"; };
		B65293C123FFEDD900D15211 /* PartyCollectionViewCell.swift */ = {isa = PBXFileReference; lastKnownFileType = sourcecode.swift; path = PartyCollectionViewCell.swift; sourceTree = "<group>"; };
		B67900C2240120570078E7B8 /* PartyCollectionViewController.swift */ = {isa = PBXFileReference; lastKnownFileType = sourcecode.swift; path = PartyCollectionViewController.swift; sourceTree = "<group>"; };
		B67900C42401494B0078E7B8 /* NewsTableViewCell.swift */ = {isa = PBXFileReference; lastKnownFileType = sourcecode.swift; path = NewsTableViewCell.swift; sourceTree = "<group>"; };
		B67900C62401495F0078E7B8 /* News.swift */ = {isa = PBXFileReference; lastKnownFileType = sourcecode.swift; path = News.swift; sourceTree = "<group>"; };
		B67900C824014DF70078E7B8 /* NewsDetailViewController.swift */ = {isa = PBXFileReference; lastKnownFileType = sourcecode.swift; path = NewsDetailViewController.swift; sourceTree = "<group>"; };
		B679368B23FFAABF0078C79D /* NewsTableViewController.swift */ = {isa = PBXFileReference; lastKnownFileType = sourcecode.swift; path = NewsTableViewController.swift; sourceTree = "<group>"; };
		B679368F23FFAAF90078C79D /* PartyTableViewController.swift */ = {isa = PBXFileReference; lastKnownFileType = sourcecode.swift; path = PartyTableViewController.swift; sourceTree = "<group>"; };
		B679369423FFAD320078C79D /* PartyTableViewCell.swift */ = {isa = PBXFileReference; lastKnownFileType = sourcecode.swift; path = PartyTableViewCell.swift; sourceTree = "<group>"; };
		B679369823FFBCC20078C79D /* PartyDetialViewCellViewController.swift */ = {isa = PBXFileReference; lastKnownFileType = sourcecode.swift; path = PartyDetialViewCellViewController.swift; sourceTree = "<group>"; };
		B679369A23FFBD850078C79D /* Party.swift */ = {isa = PBXFileReference; lastKnownFileType = sourcecode.swift; path = Party.swift; sourceTree = "<group>"; };
		B679369C23FFBFA90078C79D /* PartyClient.swift */ = {isa = PBXFileReference; lastKnownFileType = sourcecode.swift; path = PartyClient.swift; sourceTree = "<group>"; };
		B683616523FBFB430019C14F /* EcoParty_Ios_Admin.app */ = {isa = PBXFileReference; explicitFileType = wrapper.application; includeInIndex = 0; path = EcoParty_Ios_Admin.app; sourceTree = BUILT_PRODUCTS_DIR; };
		B683616823FBFB430019C14F /* AppDelegate.swift */ = {isa = PBXFileReference; lastKnownFileType = sourcecode.swift; path = AppDelegate.swift; sourceTree = "<group>"; };
		B683616A23FBFB430019C14F /* SceneDelegate.swift */ = {isa = PBXFileReference; lastKnownFileType = sourcecode.swift; path = SceneDelegate.swift; sourceTree = "<group>"; };
		B683616F23FBFB430019C14F /* Base */ = {isa = PBXFileReference; lastKnownFileType = file.storyboard; name = Base; path = Base.lproj/Main.storyboard; sourceTree = "<group>"; };
		B683617123FBFB450019C14F /* Assets.xcassets */ = {isa = PBXFileReference; lastKnownFileType = folder.assetcatalog; path = Assets.xcassets; sourceTree = "<group>"; };
		B683617423FBFB450019C14F /* Base */ = {isa = PBXFileReference; lastKnownFileType = file.storyboard; name = Base; path = Base.lproj/LaunchScreen.storyboard; sourceTree = "<group>"; };
		B683617623FBFB450019C14F /* Info.plist */ = {isa = PBXFileReference; lastKnownFileType = text.plist.xml; path = Info.plist; sourceTree = "<group>"; };
		B695F1322403665000F2057A /* WarnViewController.swift */ = {isa = PBXFileReference; lastKnownFileType = sourcecode.swift; path = WarnViewController.swift; sourceTree = "<group>"; };
/* End PBXFileReference section */

/* Begin PBXFrameworksBuildPhase section */
		B683616223FBFB430019C14F /* Frameworks */ = {
			isa = PBXFrameworksBuildPhase;
			buildActionMask = 2147483647;
			files = (
			);
			runOnlyForDeploymentPostprocessing = 0;
		};
/* End PBXFrameworksBuildPhase section */

/* Begin PBXGroup section */
		B679368823FFA9620078C79D /* Party */ = {
			isa = PBXGroup;
			children = (
				B679368F23FFAAF90078C79D /* PartyTableViewController.swift */,
				B679369423FFAD320078C79D /* PartyTableViewCell.swift */,
				B679369823FFBCC20078C79D /* PartyDetialViewCellViewController.swift */,
				B679369A23FFBD850078C79D /* Party.swift */,
				B679369C23FFBFA90078C79D /* PartyClient.swift */,
				B65293C123FFEDD900D15211 /* PartyCollectionViewCell.swift */,
				B67900C2240120570078E7B8 /* PartyCollectionViewController.swift */,
			);
			path = Party;
			sourceTree = "<group>";
		};
		B679368923FFA9720078C79D /* News */ = {
			isa = PBXGroup;
			children = (
				B679368B23FFAABF0078C79D /* NewsTableViewController.swift */,
				B67900C42401494B0078E7B8 /* NewsTableViewCell.swift */,
				B67900C62401495F0078E7B8 /* News.swift */,
				B67900C824014DF70078E7B8 /* NewsDetailViewController.swift */,
			);
			path = News;
			sourceTree = "<group>";
		};
		B679368A23FFA97C0078C79D /* Warn */ = {
			isa = PBXGroup;
			children = (
				B695F1322403665000F2057A /* WarnViewController.swift */,
			);
			path = Warn;
			sourceTree = "<group>";
		};
		B683615C23FBFB430019C14F = {
			isa = PBXGroup;
			children = (
				B683616723FBFB430019C14F /* EcoParty_Ios_Admin */,
				B683616623FBFB430019C14F /* Products */,
			);
			sourceTree = "<group>";
		};
		B683616623FBFB430019C14F /* Products */ = {
			isa = PBXGroup;
			children = (
				B683616523FBFB430019C14F /* EcoParty_Ios_Admin.app */,
			);
			name = Products;
			sourceTree = "<group>";
		};
		B683616723FBFB430019C14F /* EcoParty_Ios_Admin */ = {
			isa = PBXGroup;
			children = (
				B679368A23FFA97C0078C79D /* Warn */,
				B679368923FFA9720078C79D /* News */,
				B679368823FFA9620078C79D /* Party */,
				B683616823FBFB430019C14F /* AppDelegate.swift */,
				B683616A23FBFB430019C14F /* SceneDelegate.swift */,
				B683616E23FBFB430019C14F /* Main.storyboard */,
				04B383A323FF9AD7006B57B1 /* AdminTableViewController.swift */,
				B683617123FBFB450019C14F /* Assets.xcassets */,
				B683617323FBFB450019C14F /* LaunchScreen.storyboard */,
				B683617623FBFB450019C14F /* Info.plist */,
			);
			path = EcoParty_Ios_Admin;
			sourceTree = "<group>";
		};
/* End PBXGroup section */

/* Begin PBXNativeTarget section */
		B683616423FBFB430019C14F /* EcoParty_Ios_Admin */ = {
			isa = PBXNativeTarget;
			buildConfigurationList = B683617923FBFB450019C14F /* Build configuration list for PBXNativeTarget "EcoParty_Ios_Admin" */;
			buildPhases = (
				B683616123FBFB430019C14F /* Sources */,
				B683616223FBFB430019C14F /* Frameworks */,
				B683616323FBFB430019C14F /* Resources */,
			);
			buildRules = (
			);
			dependencies = (
			);
			name = EcoParty_Ios_Admin;
			productName = EcoParty_Ios_Admin;
			productReference = B683616523FBFB430019C14F /* EcoParty_Ios_Admin.app */;
			productType = "com.apple.product-type.application";
		};
/* End PBXNativeTarget section */

/* Begin PBXProject section */
		B683615D23FBFB430019C14F /* Project object */ = {
			isa = PBXProject;
			attributes = {
				LastSwiftUpdateCheck = 1130;
				LastUpgradeCheck = 1130;
				ORGANIZATIONNAME = "梁嘉峻";
				TargetAttributes = {
					B683616423FBFB430019C14F = {
						CreatedOnToolsVersion = 11.3.1;
					};
				};
			};
			buildConfigurationList = B683616023FBFB430019C14F /* Build configuration list for PBXProject "EcoParty_Ios_Admin" */;
			compatibilityVersion = "Xcode 9.3";
			developmentRegion = en;
			hasScannedForEncodings = 0;
			knownRegions = (
				en,
				Base,
			);
			mainGroup = B683615C23FBFB430019C14F;
			productRefGroup = B683616623FBFB430019C14F /* Products */;
			projectDirPath = "";
			projectRoot = "";
			targets = (
				B683616423FBFB430019C14F /* EcoParty_Ios_Admin */,
			);
		};
/* End PBXProject section */

/* Begin PBXResourcesBuildPhase section */
		B683616323FBFB430019C14F /* Resources */ = {
			isa = PBXResourcesBuildPhase;
			buildActionMask = 2147483647;
			files = (
				B683617523FBFB450019C14F /* LaunchScreen.storyboard in Resources */,
				B683617223FBFB450019C14F /* Assets.xcassets in Resources */,
				B683617023FBFB430019C14F /* Main.storyboard in Resources */,
			);
			runOnlyForDeploymentPostprocessing = 0;
		};
/* End PBXResourcesBuildPhase section */

/* Begin PBXSourcesBuildPhase section */
		B683616123FBFB430019C14F /* Sources */ = {
			isa = PBXSourcesBuildPhase;
			buildActionMask = 2147483647;
			files = (
				B679369023FFAAF90078C79D /* PartyTableViewController.swift in Sources */,
				B65293C223FFEDD900D15211 /* PartyCollectionViewCell.swift in Sources */,
				B679369B23FFBD850078C79D /* Party.swift in Sources */,
				B679368C23FFAABF0078C79D /* NewsTableViewController.swift in Sources */,
				B67900C72401495F0078E7B8 /* News.swift in Sources */,
				B67900C52401494B0078E7B8 /* NewsTableViewCell.swift in Sources */,
				B679369D23FFBFA90078C79D /* PartyClient.swift in Sources */,
				B67900C3240120570078E7B8 /* PartyCollectionViewController.swift in Sources */,
				B67900C924014DF70078E7B8 /* NewsDetailViewController.swift in Sources */,
				04B383A423FF9AD7006B57B1 /* AdminTableViewController.swift in Sources */,
				B679369523FFAD320078C79D /* PartyTableViewCell.swift in Sources */,
				B683616923FBFB430019C14F /* AppDelegate.swift in Sources */,
				B695F1332403665000F2057A /* WarnViewController.swift in Sources */,
				B683616B23FBFB430019C14F /* SceneDelegate.swift in Sources */,
				B679369923FFBCC20078C79D /* PartyDetialViewCellViewController.swift in Sources */,
			);
			runOnlyForDeploymentPostprocessing = 0;
		};
/* End PBXSourcesBuildPhase section */

/* Begin PBXVariantGroup section */
		B683616E23FBFB430019C14F /* Main.storyboard */ = {
			isa = PBXVariantGroup;
			children = (
				B683616F23FBFB430019C14F /* Base */,
			);
			name = Main.storyboard;
			sourceTree = "<group>";
		};
		B683617323FBFB450019C14F /* LaunchScreen.storyboard */ = {
			isa = PBXVariantGroup;
			children = (
				B683617423FBFB450019C14F /* Base */,
			);
			name = LaunchScreen.storyboard;
			sourceTree = "<group>";
		};
/* End PBXVariantGroup section */

/* Begin XCBuildConfiguration section */
		B683617723FBFB450019C14F /* Debug */ = {
			isa = XCBuildConfiguration;
			buildSettings = {
				ALWAYS_SEARCH_USER_PATHS = NO;
				CLANG_ANALYZER_NONNULL = YES;
				CLANG_ANALYZER_NUMBER_OBJECT_CONVERSION = YES_AGGRESSIVE;
				CLANG_CXX_LANGUAGE_STANDARD = "gnu++14";
				CLANG_CXX_LIBRARY = "libc++";
				CLANG_ENABLE_MODULES = YES;
				CLANG_ENABLE_OBJC_ARC = YES;
				CLANG_ENABLE_OBJC_WEAK = YES;
				CLANG_WARN_BLOCK_CAPTURE_AUTORELEASING = YES;
				CLANG_WARN_BOOL_CONVERSION = YES;
				CLANG_WARN_COMMA = YES;
				CLANG_WARN_CONSTANT_CONVERSION = YES;
				CLANG_WARN_DEPRECATED_OBJC_IMPLEMENTATIONS = YES;
				CLANG_WARN_DIRECT_OBJC_ISA_USAGE = YES_ERROR;
				CLANG_WARN_DOCUMENTATION_COMMENTS = YES;
				CLANG_WARN_EMPTY_BODY = YES;
				CLANG_WARN_ENUM_CONVERSION = YES;
				CLANG_WARN_INFINITE_RECURSION = YES;
				CLANG_WARN_INT_CONVERSION = YES;
				CLANG_WARN_NON_LITERAL_NULL_CONVERSION = YES;
				CLANG_WARN_OBJC_IMPLICIT_RETAIN_SELF = YES;
				CLANG_WARN_OBJC_LITERAL_CONVERSION = YES;
				CLANG_WARN_OBJC_ROOT_CLASS = YES_ERROR;
				CLANG_WARN_RANGE_LOOP_ANALYSIS = YES;
				CLANG_WARN_STRICT_PROTOTYPES = YES;
				CLANG_WARN_SUSPICIOUS_MOVE = YES;
				CLANG_WARN_UNGUARDED_AVAILABILITY = YES_AGGRESSIVE;
				CLANG_WARN_UNREACHABLE_CODE = YES;
				CLANG_WARN__DUPLICATE_METHOD_MATCH = YES;
				COPY_PHASE_STRIP = NO;
				DEBUG_INFORMATION_FORMAT = dwarf;
				ENABLE_STRICT_OBJC_MSGSEND = YES;
				ENABLE_TESTABILITY = YES;
				GCC_C_LANGUAGE_STANDARD = gnu11;
				GCC_DYNAMIC_NO_PIC = NO;
				GCC_NO_COMMON_BLOCKS = YES;
				GCC_OPTIMIZATION_LEVEL = 0;
				GCC_PREPROCESSOR_DEFINITIONS = (
					"DEBUG=1",
					"$(inherited)",
				);
				GCC_WARN_64_TO_32_BIT_CONVERSION = YES;
				GCC_WARN_ABOUT_RETURN_TYPE = YES_ERROR;
				GCC_WARN_UNDECLARED_SELECTOR = YES;
				GCC_WARN_UNINITIALIZED_AUTOS = YES_AGGRESSIVE;
				GCC_WARN_UNUSED_FUNCTION = YES;
				GCC_WARN_UNUSED_VARIABLE = YES;
				IPHONEOS_DEPLOYMENT_TARGET = 13.2;
				MTL_ENABLE_DEBUG_INFO = INCLUDE_SOURCE;
				MTL_FAST_MATH = YES;
				ONLY_ACTIVE_ARCH = YES;
				SDKROOT = iphoneos;
				SWIFT_ACTIVE_COMPILATION_CONDITIONS = DEBUG;
				SWIFT_OPTIMIZATION_LEVEL = "-Onone";
			};
			name = Debug;
		};
		B683617823FBFB450019C14F /* Release */ = {
			isa = XCBuildConfiguration;
			buildSettings = {
				ALWAYS_SEARCH_USER_PATHS = NO;
				CLANG_ANALYZER_NONNULL = YES;
				CLANG_ANALYZER_NUMBER_OBJECT_CONVERSION = YES_AGGRESSIVE;
				CLANG_CXX_LANGUAGE_STANDARD = "gnu++14";
				CLANG_CXX_LIBRARY = "libc++";
				CLANG_ENABLE_MODULES = YES;
				CLANG_ENABLE_OBJC_ARC = YES;
				CLANG_ENABLE_OBJC_WEAK = YES;
				CLANG_WARN_BLOCK_CAPTURE_AUTORELEASING = YES;
				CLANG_WARN_BOOL_CONVERSION = YES;
				CLANG_WARN_COMMA = YES;
				CLANG_WARN_CONSTANT_CONVERSION = YES;
				CLANG_WARN_DEPRECATED_OBJC_IMPLEMENTATIONS = YES;
				CLANG_WARN_DIRECT_OBJC_ISA_USAGE = YES_ERROR;
				CLANG_WARN_DOCUMENTATION_COMMENTS = YES;
				CLANG_WARN_EMPTY_BODY = YES;
				CLANG_WARN_ENUM_CONVERSION = YES;
				CLANG_WARN_INFINITE_RECURSION = YES;
				CLANG_WARN_INT_CONVERSION = YES;
				CLANG_WARN_NON_LITERAL_NULL_CONVERSION = YES;
				CLANG_WARN_OBJC_IMPLICIT_RETAIN_SELF = YES;
				CLANG_WARN_OBJC_LITERAL_CONVERSION = YES;
				CLANG_WARN_OBJC_ROOT_CLASS = YES_ERROR;
				CLANG_WARN_RANGE_LOOP_ANALYSIS = YES;
				CLANG_WARN_STRICT_PROTOTYPES = YES;
				CLANG_WARN_SUSPICIOUS_MOVE = YES;
				CLANG_WARN_UNGUARDED_AVAILABILITY = YES_AGGRESSIVE;
				CLANG_WARN_UNREACHABLE_CODE = YES;
				CLANG_WARN__DUPLICATE_METHOD_MATCH = YES;
				COPY_PHASE_STRIP = NO;
				DEBUG_INFORMATION_FORMAT = "dwarf-with-dsym";
				ENABLE_NS_ASSERTIONS = NO;
				ENABLE_STRICT_OBJC_MSGSEND = YES;
				GCC_C_LANGUAGE_STANDARD = gnu11;
				GCC_NO_COMMON_BLOCKS = YES;
				GCC_WARN_64_TO_32_BIT_CONVERSION = YES;
				GCC_WARN_ABOUT_RETURN_TYPE = YES_ERROR;
				GCC_WARN_UNDECLARED_SELECTOR = YES;
				GCC_WARN_UNINITIALIZED_AUTOS = YES_AGGRESSIVE;
				GCC_WARN_UNUSED_FUNCTION = YES;
				GCC_WARN_UNUSED_VARIABLE = YES;
				IPHONEOS_DEPLOYMENT_TARGET = 13.2;
				MTL_ENABLE_DEBUG_INFO = NO;
				MTL_FAST_MATH = YES;
				SDKROOT = iphoneos;
				SWIFT_COMPILATION_MODE = wholemodule;
				SWIFT_OPTIMIZATION_LEVEL = "-O";
				VALIDATE_PRODUCT = YES;
			};
			name = Release;
		};
		B683617A23FBFB450019C14F /* Debug */ = {
			isa = XCBuildConfiguration;
			buildSettings = {
				ASSETCATALOG_COMPILER_APPICON_NAME = AppIcon;
				CODE_SIGN_STYLE = Automatic;
				INFOPLIST_FILE = EcoParty_Ios_Admin/Info.plist;
				LD_RUNPATH_SEARCH_PATHS = (
					"$(inherited)",
					"@executable_path/Frameworks",
				);
				PRODUCT_BUNDLE_IDENTIFIER = "hello.com.EcoParty-Ios-Admin";
				PRODUCT_NAME = "$(TARGET_NAME)";
				SWIFT_VERSION = 5.0;
				TARGETED_DEVICE_FAMILY = "1,2";
			};
			name = Debug;
		};
		B683617B23FBFB450019C14F /* Release */ = {
			isa = XCBuildConfiguration;
			buildSettings = {
				ASSETCATALOG_COMPILER_APPICON_NAME = AppIcon;
				CODE_SIGN_STYLE = Automatic;
				INFOPLIST_FILE = EcoParty_Ios_Admin/Info.plist;
				LD_RUNPATH_SEARCH_PATHS = (
					"$(inherited)",
					"@executable_path/Frameworks",
				);
				PRODUCT_BUNDLE_IDENTIFIER = "hello.com.EcoParty-Ios-Admin";
				PRODUCT_NAME = "$(TARGET_NAME)";
				SWIFT_VERSION = 5.0;
				TARGETED_DEVICE_FAMILY = "1,2";
			};
			name = Release;
		};
/* End XCBuildConfiguration section */

/* Begin XCConfigurationList section */
		B683616023FBFB430019C14F /* Build configuration list for PBXProject "EcoParty_Ios_Admin" */ = {
			isa = XCConfigurationList;
			buildConfigurations = (
				B683617723FBFB450019C14F /* Debug */,
				B683617823FBFB450019C14F /* Release */,
			);
			defaultConfigurationIsVisible = 0;
			defaultConfigurationName = Release;
		};
		B683617923FBFB450019C14F /* Build configuration list for PBXNativeTarget "EcoParty_Ios_Admin" */ = {
			isa = XCConfigurationList;
			buildConfigurations = (
				B683617A23FBFB450019C14F /* Debug */,
				B683617B23FBFB450019C14F /* Release */,
			);
			defaultConfigurationIsVisible = 0;
			defaultConfigurationName = Release;
		};
/* End XCConfigurationList section */
	};
	rootObject = B683615D23FBFB430019C14F /* Project object */;
}
